
Microsoft Visual Studio Solution File, Format Version 12.00
# Visual Studio Version 17
VisualStudioVersion = 17.5.33516.290
MinimumVisualStudioVersion = 10.0.40219.1
Project("{FAE04EC0-301F-11D3-BF4B-00C04F79EFBC}") = "API_LIBROS", "API_LIBROS\API_LIBROS.csproj", "{F86D8D9F-F5F3-4A49-B45C-3A6544266CB8}"
EndProject
Global
	GlobalSection(SolutionConfigurationPlatforms) = preSolution
		Debug|Any CPU = Debug|Any CPU
		Release|Any CPU = Release|Any CPU
	EndGlobalSection
	GlobalSection(ProjectConfigurationPlatforms) = postSolution
		{F86D8D9F-F5F3-4A49-B45C-3A6544266CB8}.Debug|Any CPU.ActiveCfg = Debug|Any CPU
		{F86D8D9F-F5F3-4A49-B45C-3A6544266CB8}.Debug|Any CPU.Build.0 = Debug|Any CPU
		{F86D8D9F-F5F3-4A49-B45C-3A6544266CB8}.Release|Any CPU.ActiveCfg = Release|Any CPU
		{F86D8D9F-F5F3-4A49-B45C-3A6544266CB8}.Release|Any CPU.Build.0 = Release|Any CPU
	EndGlobalSection
	GlobalSection(SolutionProperties) = preSolution
		HideSolutionNode = FALSE
	EndGlobalSection
	GlobalSection(ExtensibilityGlobals) = postSolution
		SolutionGuid = {753E18D1-0E68-446B-831E-FB9F0BA34117}
	EndGlobalSection
EndGlobal
